
Microsoft Visual Studio Solution File, Format Version 12.00
# Visual Studio Version 17
VisualStudioVersion = 17.9.34723.18
MinimumVisualStudioVersion = 10.0.40219.1
Project("{FAE04EC0-301F-11D3-BF4B-00C04F79EFBC}") = "CSBasic", "CSBasic\CSBasic.csproj", "{D45F3709-954D-4CBB-A11F-D6000B99AE31}"
EndProject
Global
	GlobalSection(SolutionConfigurationPlatforms) = preSolution
		Debug|Any CPU = Debug|Any CPU
		Release|Any CPU = Release|Any CPU
	EndGlobalSection
	GlobalSection(ProjectConfigurationPlatforms) = postSolution
		{D45F3709-954D-4CBB-A11F-D6000B99AE31}.Debug|Any CPU.ActiveCfg = Debug|Any CPU
		{D45F3709-954D-4CBB-A11F-D6000B99AE31}.Debug|Any CPU.Build.0 = Debug|Any CPU
		{D45F3709-954D-4CBB-A11F-D6000B99AE31}.Release|Any CPU.ActiveCfg = Release|Any CPU
		{D45F3709-954D-4CBB-A11F-D6000B99AE31}.Release|Any CPU.Build.0 = Release|Any CPU
	EndGlobalSection
	GlobalSection(SolutionProperties) = preSolution
		HideSolutionNode = FALSE
	EndGlobalSection
	GlobalSection(ExtensibilityGlobals) = postSolution
		SolutionGuid = {96F1C38E-3164-498B-B86B-A098E52E3D41}
	EndGlobalSection
EndGlobal
